
Microsoft Visual Studio Solution File, Format Version 12.00
# Visual Studio Version 17
VisualStudioVersion = 17.4.33205.214
MinimumVisualStudioVersion = 10.0.40219.1
Project("{FAE04EC0-301F-11D3-BF4B-00C04F79EFBC}") = "ProyectoIntegrador", "ProyectoIntegrador\ProyectoIntegrador.csproj", "{3442DB59-5E89-402F-9B76-05814B1687D4}"
EndProject
Global
	GlobalSection(SolutionConfigurationPlatforms) = preSolution
		Debug|Any CPU = Debug|Any CPU
		Release|Any CPU = Release|Any CPU
	EndGlobalSection
	GlobalSection(ProjectConfigurationPlatforms) = postSolution
		{3442DB59-5E89-402F-9B76-05814B1687D4}.Debug|Any CPU.ActiveCfg = Debug|Any CPU
		{3442DB59-5E89-402F-9B76-05814B1687D4}.Debug|Any CPU.Build.0 = Debug|Any CPU
		{3442DB59-5E89-402F-9B76-05814B1687D4}.Release|Any CPU.ActiveCfg = Release|Any CPU
		{3442DB59-5E89-402F-9B76-05814B1687D4}.Release|Any CPU.Build.0 = Release|Any CPU
	EndGlobalSection
	GlobalSection(SolutionProperties) = preSolution
		HideSolutionNode = FALSE
	EndGlobalSection
	GlobalSection(ExtensibilityGlobals) = postSolution
		SolutionGuid = {A0707E48-1C99-4208-BC38-476E197D8EE1}
	EndGlobalSection
EndGlobal
